
Microsoft Visual Studio Solution File, Format Version 12.00
Project("{FAE04EC0-301F-11D3-BF4B-00C04F79EFBC}") = "EmployeeCRUDApplicationExample", "EmployeeCRUDApplicationExample\EmployeeCRUDApplicationExample.csproj", "{0DE59180-02DE-4AD4-886B-1090CDCE1B47}"
EndProject
Project("{FAE04EC0-301F-11D3-BF4B-00C04F79EFBC}") = "EmployeeComponent", "EmployeeComponent\EmployeeComponent.csproj", "{8855505C-1C02-43B2-9B22-E1A6FD61057E}"
EndProject
Global
	GlobalSection(SolutionConfigurationPlatforms) = preSolution
		Debug|Any CPU = Debug|Any CPU
		Release|Any CPU = Release|Any CPU
	EndGlobalSection
	GlobalSection(ProjectConfigurationPlatforms) = postSolution
		{0DE59180-02DE-4AD4-886B-1090CDCE1B47}.Debug|Any CPU.ActiveCfg = Debug|Any CPU
		{0DE59180-02DE-4AD4-886B-1090CDCE1B47}.Debug|Any CPU.Build.0 = Debug|Any CPU
		{0DE59180-02DE-4AD4-886B-1090CDCE1B47}.Release|Any CPU.ActiveCfg = Release|Any CPU
		{0DE59180-02DE-4AD4-886B-1090CDCE1B47}.Release|Any CPU.Build.0 = Release|Any CPU
		{8855505C-1C02-43B2-9B22-E1A6FD61057E}.Debug|Any CPU.ActiveCfg = Debug|Any CPU
		{8855505C-1C02-43B2-9B22-E1A6FD61057E}.Debug|Any CPU.Build.0 = Debug|Any CPU
		{8855505C-1C02-43B2-9B22-E1A6FD61057E}.Release|Any CPU.ActiveCfg = Release|Any CPU
		{8855505C-1C02-43B2-9B22-E1A6FD61057E}.Release|Any CPU.Build.0 = Release|Any CPU
	EndGlobalSection
EndGlobal
